// !$*UTF8*$!
{
	archiveVersion = 1;
	classes = {
	};
	objectVersion = 46;
	objects = {

/* Begin PBXBuildFile section */
		177B3BE61E9B54890019F5BD /* libUMessage_Sdk_1.5.0a.a in Frameworks */ = {isa = PBXBuildFile; fileRef = 177B3BE41E9B54890019F5BD /* libUMessage_Sdk_1.5.0a.a */; };
		F21388641D88E4520034B35F /* main.m in Sources */ = {isa = PBXBuildFile; fileRef = F21388631D88E4520034B35F /* main.m */; };
		F213886F1D88E4520034B35F /* Assets.xcassets in Resources */ = {isa = PBXBuildFile; fileRef = F213886E1D88E4520034B35F /* Assets.xcassets */; };
		F21388721D88E4520034B35F /* LaunchScreen.storyboard in Resources */ = {isa = PBXBuildFile; fileRef = F21388701D88E4520034B35F /* LaunchScreen.storyboard */; };
		F213887D1D88E4520034B35F /* UMessage_Sdk_DemoTests.m in Sources */ = {isa = PBXBuildFile; fileRef = F213887C1D88E4520034B35F /* UMessage_Sdk_DemoTests.m */; };
		F21388881D88E4520034B35F /* UMessage_Sdk_DemoUITests.m in Sources */ = {isa = PBXBuildFile; fileRef = F21388871D88E4520034B35F /* UMessage_Sdk_DemoUITests.m */; };
		F21388A01D88E4A50034B35F /* Main_iPhone.storyboard in Resources */ = {isa = PBXBuildFile; fileRef = F21388951D88E4A50034B35F /* Main_iPhone.storyboard */; };
		F21388A11D88E4A50034B35F /* UMessage_Demo-Info.plist in Resources */ = {isa = PBXBuildFile; fileRef = F21388961D88E4A50034B35F /* UMessage_Demo-Info.plist */; };
		F21388A21D88E4A50034B35F /* UMessageAppDelegate.m in Sources */ = {isa = PBXBuildFile; fileRef = F21388991D88E4A50034B35F /* UMessageAppDelegate.m */; };
		F21388A31D88E4A50034B35F /* UMessageSettingViewController.m in Sources */ = {isa = PBXBuildFile; fileRef = F213889B1D88E4A50034B35F /* UMessageSettingViewController.m */; };
		F21388A41D88E4A50034B35F /* UMessageTagAndAliasViewController.m in Sources */ = {isa = PBXBuildFile; fileRef = F213889D1D88E4A50034B35F /* UMessageTagAndAliasViewController.m */; };
		F21388A51D88E4A50034B35F /* UMessageViewController.m in Sources */ = {isa = PBXBuildFile; fileRef = F213889F1D88E4A50034B35F /* UMessageViewController.m */; };
		F21388B71D88E6FA0034B35F /* NotificationService.m in Sources */ = {isa = PBXBuildFile; fileRef = F21388B61D88E6FA0034B35F /* NotificationService.m */; };
		F21388BB1D88E6FA0034B35F /* NotificatonService.appex in Embed App Extensions */ = {isa = PBXBuildFile; fileRef = F21388B31D88E6FA0034B35F /* NotificatonService.appex */; settings = {ATTRIBUTES = (RemoveHeadersOnCopy, ); }; };
		F21E1A221F77F9E500BF0409 /* 国付宝到账提醒.mp3 in Resources */ = {isa = PBXBuildFile; fileRef = F21E1A211F77F9E500BF0409 /* 国付宝到账提醒.mp3 */; };
		F21E1A231F77F9E500BF0409 /* 国付宝到账提醒.mp3 in Resources */ = {isa = PBXBuildFile; fileRef = F21E1A211F77F9E500BF0409 /* 国付宝到账提醒.mp3 */; };
		F21E1A361F77FD3B00BF0409 /* 〇.mp3 in Resources */ = {isa = PBXBuildFile; fileRef = F21E1A251F77FD3B00BF0409 /* 〇.mp3 */; };
		F21E1A371F77FD3B00BF0409 /* 〇.mp3 in Resources */ = {isa = PBXBuildFile; fileRef = F21E1A251F77FD3B00BF0409 /* 〇.mp3 */; };
		F21E1A381F77FD3B00BF0409 /* 一.mp3 in Resources */ = {isa = PBXBuildFile; fileRef = F21E1A261F77FD3B00BF0409 /* 一.mp3 */; };
		F21E1A391F77FD3B00BF0409 /* 一.mp3 in Resources */ = {isa = PBXBuildFile; fileRef = F21E1A261F77FD3B00BF0409 /* 一.mp3 */; };
		F21E1A3A1F77FD3B00BF0409 /* 七.mp3 in Resources */ = {isa = PBXBuildFile; fileRef = F21E1A271F77FD3B00BF0409 /* 七.mp3 */; };
		F21E1A3B1F77FD3B00BF0409 /* 七.mp3 in Resources */ = {isa = PBXBuildFile; fileRef = F21E1A271F77FD3B00BF0409 /* 七.mp3 */; };
		F21E1A3C1F77FD3B00BF0409 /* 万.mp3 in Resources */ = {isa = PBXBuildFile; fileRef = F21E1A281F77FD3B00BF0409 /* 万.mp3 */; };
		F21E1A3D1F77FD3B00BF0409 /* 万.mp3 in Resources */ = {isa = PBXBuildFile; fileRef = F21E1A281F77FD3B00BF0409 /* 万.mp3 */; };
		F21E1A3E1F77FD3B00BF0409 /* 三.mp3 in Resources */ = {isa = PBXBuildFile; fileRef = F21E1A291F77FD3B00BF0409 /* 三.mp3 */; };
		F21E1A3F1F77FD3B00BF0409 /* 三.mp3 in Resources */ = {isa = PBXBuildFile; fileRef = F21E1A291F77FD3B00BF0409 /* 三.mp3 */; };
		F21E1A401F77FD3B00BF0409 /* 九.mp3 in Resources */ = {isa = PBXBuildFile; fileRef = F21E1A2A1F77FD3B00BF0409 /* 九.mp3 */; };
		F21E1A411F77FD3B00BF0409 /* 九.mp3 in Resources */ = {isa = PBXBuildFile; fileRef = F21E1A2A1F77FD3B00BF0409 /* 九.mp3 */; };
		F21E1A421F77FD3B00BF0409 /* 二.mp3 in Resources */ = {isa = PBXBuildFile; fileRef = F21E1A2B1F77FD3B00BF0409 /* 二.mp3 */; };
		F21E1A431F77FD3B00BF0409 /* 二.mp3 in Resources */ = {isa = PBXBuildFile; fileRef = F21E1A2B1F77FD3B00BF0409 /* 二.mp3 */; };
		F21E1A441F77FD3B00BF0409 /* 五.mp3 in Resources */ = {isa = PBXBuildFile; fileRef = F21E1A2C1F77FD3B00BF0409 /* 五.mp3 */; };
		F21E1A451F77FD3B00BF0409 /* 五.mp3 in Resources */ = {isa = PBXBuildFile; fileRef = F21E1A2C1F77FD3B00BF0409 /* 五.mp3 */; };
		F21E1A461F77FD3B00BF0409 /* 元.mp3 in Resources */ = {isa = PBXBuildFile; fileRef = F21E1A2D1F77FD3B00BF0409 /* 元.mp3 */; };
		F21E1A471F77FD3B00BF0409 /* 元.mp3 in Resources */ = {isa = PBXBuildFile; fileRef = F21E1A2D1F77FD3B00BF0409 /* 元.mp3 */; };
		F21E1A481F77FD3B00BF0409 /* 八.mp3 in Resources */ = {isa = PBXBuildFile; fileRef = F21E1A2E1F77FD3B00BF0409 /* 八.mp3 */; };
		F21E1A491F77FD3B00BF0409 /* 八.mp3 in Resources */ = {isa = PBXBuildFile; fileRef = F21E1A2E1F77FD3B00BF0409 /* 八.mp3 */; };
		F21E1A4A1F77FD3B00BF0409 /* 六.mp3 in Resources */ = {isa = PBXBuildFile; fileRef = F21E1A2F1F77FD3B00BF0409 /* 六.mp3 */; };
		F21E1A4B1F77FD3B00BF0409 /* 六.mp3 in Resources */ = {isa = PBXBuildFile; fileRef = F21E1A2F1F77FD3B00BF0409 /* 六.mp3 */; };
		F21E1A4C1F77FD3B00BF0409 /* 十.mp3 in Resources */ = {isa = PBXBuildFile; fileRef = F21E1A301F77FD3B00BF0409 /* 十.mp3 */; };
		F21E1A4D1F77FD3B00BF0409 /* 十.mp3 in Resources */ = {isa = PBXBuildFile; fileRef = F21E1A301F77FD3B00BF0409 /* 十.mp3 */; };
		F21E1A4E1F77FD3B00BF0409 /* 千.mp3 in Resources */ = {isa = PBXBuildFile; fileRef = F21E1A311F77FD3B00BF0409 /* 千.mp3 */; };
		F21E1A4F1F77FD3B00BF0409 /* 千.mp3 in Resources */ = {isa = PBXBuildFile; fileRef = F21E1A311F77FD3B00BF0409 /* 千.mp3 */; };
		F21E1A501F77FD3B00BF0409 /* 四.mp3 in Resources */ = {isa = PBXBuildFile; fileRef = F21E1A321F77FD3B00BF0409 /* 四.mp3 */; };
		F21E1A511F77FD3B00BF0409 /* 四.mp3 in Resources */ = {isa = PBXBuildFile; fileRef = F21E1A321F77FD3B00BF0409 /* 四.mp3 */; };
		F21E1A521F77FD3B00BF0409 /* 点.mp3 in Resources */ = {isa = PBXBuildFile; fileRef = F21E1A331F77FD3B00BF0409 /* 点.mp3 */; };
		F21E1A531F77FD3B00BF0409 /* 点.mp3 in Resources */ = {isa = PBXBuildFile; fileRef = F21E1A331F77FD3B00BF0409 /* 点.mp3 */; };
		F21E1A541F77FD3B00BF0409 /* 百.mp3 in Resources */ = {isa = PBXBuildFile; fileRef = F21E1A341F77FD3B00BF0409 /* 百.mp3 */; };
		F21E1A551F77FD3B00BF0409 /* 百.mp3 in Resources */ = {isa = PBXBuildFile; fileRef = F21E1A341F77FD3B00BF0409 /* 百.mp3 */; };
		F21E1A561F77FD3B00BF0409 /* 零.mp3 in Resources */ = {isa = PBXBuildFile; fileRef = F21E1A351F77FD3B00BF0409 /* 零.mp3 */; };
		F21E1A571F77FD3B00BF0409 /* 零.mp3 in Resources */ = {isa = PBXBuildFile; fileRef = F21E1A351F77FD3B00BF0409 /* 零.mp3 */; };
		F226741A1E1CCD0500EB7CA1 /* UserNotifications.framework in Frameworks */ = {isa = PBXBuildFile; fileRef = F22674191E1CCD0500EB7CA1 /* UserNotifications.framework */; };
		F226741C1E1CCD0500EB7CA1 /* UserNotificationsUI.framework in Frameworks */ = {isa = PBXBuildFile; fileRef = F226741B1E1CCD0500EB7CA1 /* UserNotificationsUI.framework */; };
		F22674201E1CCD0500EB7CA1 /* NotificationViewController.m in Sources */ = {isa = PBXBuildFile; fileRef = F226741F1E1CCD0500EB7CA1 /* NotificationViewController.m */; };
		F22674231E1CCD0500EB7CA1 /* MainInterface.storyboard in Resources */ = {isa = PBXBuildFile; fileRef = F22674211E1CCD0500EB7CA1 /* MainInterface.storyboard */; };
		F22674271E1CCD0500EB7CA1 /* NotificationContent.appex in Embed App Extensions */ = {isa = PBXBuildFile; fileRef = F22674171E1CCD0500EB7CA1 /* NotificationContent.appex */; settings = {ATTRIBUTES = (RemoveHeadersOnCopy, ); }; };
/* End PBXBuildFile section */

/* Begin PBXContainerItemProxy section */
		F21388791D88E4520034B35F /* PBXContainerItemProxy */ = {
			isa = PBXContainerItemProxy;
			containerPortal = F21388571D88E4520034B35F /* Project object */;
			proxyType = 1;
			remoteGlobalIDString = F213885E1D88E4520034B35F;
			remoteInfo = UMessage_Sdk_Demo;
		};
		F21388841D88E4520034B35F /* PBXContainerItemProxy */ = {
			isa = PBXContainerItemProxy;
			containerPortal = F21388571D88E4520034B35F /* Project object */;
			proxyType = 1;
			remoteGlobalIDString = F213885E1D88E4520034B35F;
			remoteInfo = UMessage_Sdk_Demo;
		};
		F21388B91D88E6FA0034B35F /* PBXContainerItemProxy */ = {
			isa = PBXContainerItemProxy;
			containerPortal = F21388571D88E4520034B35F /* Project object */;
			proxyType = 1;
			remoteGlobalIDString = F21388B21D88E6FA0034B35F;
			remoteInfo = NotificatonService;
		};
		F22674251E1CCD0500EB7CA1 /* PBXContainerItemProxy */ = {
			isa = PBXContainerItemProxy;
			containerPortal = F21388571D88E4520034B35F /* Project object */;
			proxyType = 1;
			remoteGlobalIDString = F22674161E1CCD0500EB7CA1;
			remoteInfo = NotificationContent;
		};
/* End PBXContainerItemProxy section */

/* Begin PBXCopyFilesBuildPhase section */
		F21388BF1D88E6FA0034B35F /* Embed App Extensions */ = {
			isa = PBXCopyFilesBuildPhase;
			buildActionMask = 2147483647;
			dstPath = "";
			dstSubfolderSpec = 13;
			files = (
				F21388BB1D88E6FA0034B35F /* NotificatonService.appex in Embed App Extensions */,
				F22674271E1CCD0500EB7CA1 /* NotificationContent.appex in Embed App Extensions */,
			);
			name = "Embed App Extensions";
			runOnlyForDeploymentPostprocessing = 0;
		};
/* End PBXCopyFilesBuildPhase section */

/* Begin PBXFileReference section */
		177B3BE41E9B54890019F5BD /* libUMessage_Sdk_1.5.0a.a */ = {isa = PBXFileReference; lastKnownFileType = archive.ar; path = libUMessage_Sdk_1.5.0a.a; sourceTree = "<group>"; };
		177B3BE51E9B54890019F5BD /* UMessage.h */ = {isa = PBXFileReference; fileEncoding = 4; lastKnownFileType = sourcecode.c.h; path = UMessage.h; sourceTree = "<group>"; };
		F20EF0151F76AD06005A9B7A /* NotificatonService.entitlements */ = {isa = PBXFileReference; lastKnownFileType = text.plist.entitlements; path = NotificatonService.entitlements; sourceTree = "<group>"; };
		F20EF0161F76BA7F005A9B7A /* 6414.mp3 */ = {isa = PBXFileReference; lastKnownFileType = audio.mp3; path = 6414.mp3; sourceTree = "<group>"; };
		F20EF0181F76BA8F005A9B7A /* 醉赤壁.mp3 */ = {isa = PBXFileReference; lastKnownFileType = audio.mp3; path = "醉赤壁.mp3"; sourceTree = "<group>"; };
		F20EF0191F76BA8F005A9B7A /* 五环之歌.mp3 */ = {isa = PBXFileReference; lastKnownFileType = audio.mp3; path = "五环之歌.mp3"; sourceTree = "<group>"; };
		F213885F1D88E4520034B35F /* UMessage_Sdk_Demo.app */ = {isa = PBXFileReference; explicitFileType = wrapper.application; includeInIndex = 0; path = UMessage_Sdk_Demo.app; sourceTree = BUILT_PRODUCTS_DIR; };
		F21388631D88E4520034B35F /* main.m */ = {isa = PBXFileReference; lastKnownFileType = sourcecode.c.objc; path = main.m; sourceTree = "<group>"; };
		F213886E1D88E4520034B35F /* Assets.xcassets */ = {isa = PBXFileReference; lastKnownFileType = folder.assetcatalog; path = Assets.xcassets; sourceTree = "<group>"; };
		F21388711D88E4520034B35F /* Base */ = {isa = PBXFileReference; lastKnownFileType = file.storyboard; name = Base; path = Base.lproj/LaunchScreen.storyboard; sourceTree = "<group>"; };
		F21388731D88E4520034B35F /* Info.plist */ = {isa = PBXFileReference; lastKnownFileType = text.plist.xml; path = Info.plist; sourceTree = "<group>"; };
		F21388781D88E4520034B35F /* UMessage_Sdk_DemoTests.xctest */ = {isa = PBXFileReference; explicitFileType = wrapper.cfbundle; includeInIndex = 0; path = UMessage_Sdk_DemoTests.xctest; sourceTree = BUILT_PRODUCTS_DIR; };
		F213887C1D88E4520034B35F /* UMessage_Sdk_DemoTests.m */ = {isa = PBXFileReference; lastKnownFileType = sourcecode.c.objc; path = UMessage_Sdk_DemoTests.m; sourceTree = "<group>"; };
		F213887E1D88E4520034B35F /* Info.plist */ = {isa = PBXFileReference; lastKnownFileType = text.plist.xml; path = Info.plist; sourceTree = "<group>"; };
		F21388831D88E4520034B35F /* UMessage_Sdk_DemoUITests.xctest */ = {isa = PBXFileReference; explicitFileType = wrapper.cfbundle; includeInIndex = 0; path = UMessage_Sdk_DemoUITests.xctest; sourceTree = BUILT_PRODUCTS_DIR; };
		F21388871D88E4520034B35F /* UMessage_Sdk_DemoUITests.m */ = {isa = PBXFileReference; lastKnownFileType = sourcecode.c.objc; path = UMessage_Sdk_DemoUITests.m; sourceTree = "<group>"; };
		F21388891D88E4520034B35F /* Info.plist */ = {isa = PBXFileReference; lastKnownFileType = text.plist.xml; path = Info.plist; sourceTree = "<group>"; };
		F21388951D88E4A50034B35F /* Main_iPhone.storyboard */ = {isa = PBXFileReference; fileEncoding = 4; lastKnownFileType = file.storyboard; path = Main_iPhone.storyboard; sourceTree = "<group>"; };
		F21388961D88E4A50034B35F /* UMessage_Demo-Info.plist */ = {isa = PBXFileReference; fileEncoding = 4; lastKnownFileType = text.plist.xml; path = "UMessage_Demo-Info.plist"; sourceTree = "<group>"; };
		F21388981D88E4A50034B35F /* UMessageAppDelegate.h */ = {isa = PBXFileReference; fileEncoding = 4; lastKnownFileType = sourcecode.c.h; path = UMessageAppDelegate.h; sourceTree = "<group>"; };
		F21388991D88E4A50034B35F /* UMessageAppDelegate.m */ = {isa = PBXFileReference; fileEncoding = 4; lastKnownFileType = sourcecode.c.objc; path = UMessageAppDelegate.m; sourceTree = "<group>"; };
		F213889A1D88E4A50034B35F /* UMessageSettingViewController.h */ = {isa = PBXFileReference; fileEncoding = 4; lastKnownFileType = sourcecode.c.h; path = UMessageSettingViewController.h; sourceTree = "<group>"; };
		F213889B1D88E4A50034B35F /* UMessageSettingViewController.m */ = {isa = PBXFileReference; fileEncoding = 4; lastKnownFileType = sourcecode.c.objc; path = UMessageSettingViewController.m; sourceTree = "<group>"; };
		F213889C1D88E4A50034B35F /* UMessageTagAndAliasViewController.h */ = {isa = PBXFileReference; fileEncoding = 4; lastKnownFileType = sourcecode.c.h; path = UMessageTagAndAliasViewController.h; sourceTree = "<group>"; };
		F213889D1D88E4A50034B35F /* UMessageTagAndAliasViewController.m */ = {isa = PBXFileReference; fileEncoding = 4; lastKnownFileType = sourcecode.c.objc; path = UMessageTagAndAliasViewController.m; sourceTree = "<group>"; };
		F213889E1D88E4A50034B35F /* UMessageViewController.h */ = {isa = PBXFileReference; fileEncoding = 4; lastKnownFileType = sourcecode.c.h; path = UMessageViewController.h; sourceTree = "<group>"; };
		F213889F1D88E4A50034B35F /* UMessageViewController.m */ = {isa = PBXFileReference; fileEncoding = 4; lastKnownFileType = sourcecode.c.objc; path = UMessageViewController.m; sourceTree = "<group>"; };
		F21388AA1D88E5BE0034B35F /* UMessage_Sdk_Demo.entitlements */ = {isa = PBXFileReference; lastKnownFileType = text.plist.entitlements; path = UMessage_Sdk_Demo.entitlements; sourceTree = "<group>"; };
		F21388B31D88E6FA0034B35F /* NotificatonService.appex */ = {isa = PBXFileReference; explicitFileType = "wrapper.app-extension"; includeInIndex = 0; path = NotificatonService.appex; sourceTree = BUILT_PRODUCTS_DIR; };
		F21388B51D88E6FA0034B35F /* NotificationService.h */ = {isa = PBXFileReference; lastKnownFileType = sourcecode.c.h; path = NotificationService.h; sourceTree = "<group>"; };
		F21388B61D88E6FA0034B35F /* NotificationService.m */ = {isa = PBXFileReference; lastKnownFileType = sourcecode.c.objc; path = NotificationService.m; sourceTree = "<group>"; };
		F21388B81D88E6FA0034B35F /* Info.plist */ = {isa = PBXFileReference; lastKnownFileType = text.plist.xml; path = Info.plist; sourceTree = "<group>"; };
		F21E1A211F77F9E500BF0409 /* 国付宝到账提醒.mp3 */ = {isa = PBXFileReference; lastKnownFileType = audio.mp3; name = "国付宝到账提醒.mp3"; path = "../UMessage_Sdk_Demo/国付宝到账提醒.mp3"; sourceTree = "<group>"; };
		F21E1A251F77FD3B00BF0409 /* 〇.mp3 */ = {isa = PBXFileReference; lastKnownFileType = audio.mp3; path = "〇.mp3"; sourceTree = "<group>"; };
		F21E1A261F77FD3B00BF0409 /* 一.mp3 */ = {isa = PBXFileReference; lastKnownFileType = audio.mp3; path = "一.mp3"; sourceTree = "<group>"; };
		F21E1A271F77FD3B00BF0409 /* 七.mp3 */ = {isa = PBXFileReference; lastKnownFileType = audio.mp3; path = "七.mp3"; sourceTree = "<group>"; };
		F21E1A281F77FD3B00BF0409 /* 万.mp3 */ = {isa = PBXFileReference; lastKnownFileType = audio.mp3; path = "万.mp3"; sourceTree = "<group>"; };
		F21E1A291F77FD3B00BF0409 /* 三.mp3 */ = {isa = PBXFileReference; lastKnownFileType = audio.mp3; path = "三.mp3"; sourceTree = "<group>"; };
		F21E1A2A1F77FD3B00BF0409 /* 九.mp3 */ = {isa = PBXFileReference; lastKnownFileType = audio.mp3; path = "九.mp3"; sourceTree = "<group>"; };
		F21E1A2B1F77FD3B00BF0409 /* 二.mp3 */ = {isa = PBXFileReference; lastKnownFileType = audio.mp3; path = "二.mp3"; sourceTree = "<group>"; };
		F21E1A2C1F77FD3B00BF0409 /* 五.mp3 */ = {isa = PBXFileReference; lastKnownFileType = audio.mp3; path = "五.mp3"; sourceTree = "<group>"; };
		F21E1A2D1F77FD3B00BF0409 /* 元.mp3 */ = {isa = PBXFileReference; lastKnownFileType = audio.mp3; path = "元.mp3"; sourceTree = "<group>"; };
		F21E1A2E1F77FD3B00BF0409 /* 八.mp3 */ = {isa = PBXFileReference; lastKnownFileType = audio.mp3; path = "八.mp3"; sourceTree = "<group>"; };
		F21E1A2F1F77FD3B00BF0409 /* 六.mp3 */ = {isa = PBXFileReference; lastKnownFileType = audio.mp3; path = "六.mp3"; sourceTree = "<group>"; };
		F21E1A301F77FD3B00BF0409 /* 十.mp3 */ = {isa = PBXFileReference; lastKnownFileType = audio.mp3; path = "十.mp3"; sourceTree = "<group>"; };
		F21E1A311F77FD3B00BF0409 /* 千.mp3 */ = {isa = PBXFileReference; lastKnownFileType = audio.mp3; path = "千.mp3"; sourceTree = "<group>"; };
		F21E1A321F77FD3B00BF0409 /* 四.mp3 */ = {isa = PBXFileReference; lastKnownFileType = audio.mp3; path = "四.mp3"; sourceTree = "<group>"; };
		F21E1A331F77FD3B00BF0409 /* 点.mp3 */ = {isa = PBXFileReference; lastKnownFileType = audio.mp3; path = "点.mp3"; sourceTree = "<group>"; };
		F21E1A341F77FD3B00BF0409 /* 百.mp3 */ = {isa = PBXFileReference; lastKnownFileType = audio.mp3; path = "百.mp3"; sourceTree = "<group>"; };
		F21E1A351F77FD3B00BF0409 /* 零.mp3 */ = {isa = PBXFileReference; lastKnownFileType = audio.mp3; path = "零.mp3"; sourceTree = "<group>"; };
		F22674171E1CCD0500EB7CA1 /* NotificationContent.appex */ = {isa = PBXFileReference; explicitFileType = "wrapper.app-extension"; includeInIndex = 0; path = NotificationContent.appex; sourceTree = BUILT_PRODUCTS_DIR; };
		F22674191E1CCD0500EB7CA1 /* UserNotifications.framework */ = {isa = PBXFileReference; lastKnownFileType = wrapper.framework; name = UserNotifications.framework; path = System/Library/Frameworks/UserNotifications.framework; sourceTree = SDKROOT; };
		F226741B1E1CCD0500EB7CA1 /* UserNotificationsUI.framework */ = {isa = PBXFileReference; lastKnownFileType = wrapper.framework; name = UserNotificationsUI.framework; path = System/Library/Frameworks/UserNotificationsUI.framework; sourceTree = SDKROOT; };
		F226741E1E1CCD0500EB7CA1 /* NotificationViewController.h */ = {isa = PBXFileReference; lastKnownFileType = sourcecode.c.h; path = NotificationViewController.h; sourceTree = "<group>"; };
		F226741F1E1CCD0500EB7CA1 /* NotificationViewController.m */ = {isa = PBXFileReference; lastKnownFileType = sourcecode.c.objc; path = NotificationViewController.m; sourceTree = "<group>"; };
		F22674221E1CCD0500EB7CA1 /* Base */ = {isa = PBXFileReference; lastKnownFileType = file.storyboard; name = Base; path = Base.lproj/MainInterface.storyboard; sourceTree = "<group>"; };
		F22674241E1CCD0500EB7CA1 /* Info.plist */ = {isa = PBXFileReference; lastKnownFileType = text.plist.xml; path = Info.plist; sourceTree = "<group>"; };
/* End PBXFileReference section */

/* Begin PBXFrameworksBuildPhase section */
		F213885C1D88E4520034B35F /* Frameworks */ = {
			isa = PBXFrameworksBuildPhase;
			buildActionMask = 2147483647;
			files = (
				177B3BE61E9B54890019F5BD /* libUMessage_Sdk_1.5.0a.a in Frameworks */,
			);
			runOnlyForDeploymentPostprocessing = 0;
		};
		F21388751D88E4520034B35F /* Frameworks */ = {
			isa = PBXFrameworksBuildPhase;
			buildActionMask = 2147483647;
			files = (
			);
			runOnlyForDeploymentPostprocessing = 0;
		};
		F21388801D88E4520034B35F /* Frameworks */ = {
			isa = PBXFrameworksBuildPhase;
			buildActionMask = 2147483647;
			files = (
			);
			runOnlyForDeploymentPostprocessing = 0;
		};
		F21388B01D88E6FA0034B35F /* Frameworks */ = {
			isa = PBXFrameworksBuildPhase;
			buildActionMask = 2147483647;
			files = (
			);
			runOnlyForDeploymentPostprocessing = 0;
		};
		F22674141E1CCD0500EB7CA1 /* Frameworks */ = {
			isa = PBXFrameworksBuildPhase;
			buildActionMask = 2147483647;
			files = (
				F226741C1E1CCD0500EB7CA1 /* UserNotificationsUI.framework in Frameworks */,
				F226741A1E1CCD0500EB7CA1 /* UserNotifications.framework in Frameworks */,
			);
			runOnlyForDeploymentPostprocessing = 0;
		};
/* End PBXFrameworksBuildPhase section */

/* Begin PBXGroup section */
		177B3BE31E9B54890019F5BD /* UMessage_Sdk_1.5.0a */ = {
			isa = PBXGroup;
			children = (
				177B3BE41E9B54890019F5BD /* libUMessage_Sdk_1.5.0a.a */,
				177B3BE51E9B54890019F5BD /* UMessage.h */,
			);
			path = UMessage_Sdk_1.5.0a;
			sourceTree = "<group>";
		};
		F21388561D88E4520034B35F = {
			isa = PBXGroup;
			children = (
				F21388611D88E4520034B35F /* UMessage_Sdk_Demo */,
				F213887B1D88E4520034B35F /* UMessage_Sdk_DemoTests */,
				F21388861D88E4520034B35F /* UMessage_Sdk_DemoUITests */,
				F21388B41D88E6FA0034B35F /* NotificatonService */,
				F226741D1E1CCD0500EB7CA1 /* NotificationContent */,
				F22674181E1CCD0500EB7CA1 /* Frameworks */,
				F21388601D88E4520034B35F /* Products */,
			);
			sourceTree = "<group>";
		};
		F21388601D88E4520034B35F /* Products */ = {
			isa = PBXGroup;
			children = (
				F213885F1D88E4520034B35F /* UMessage_Sdk_Demo.app */,
				F21388781D88E4520034B35F /* UMessage_Sdk_DemoTests.xctest */,
				F21388831D88E4520034B35F /* UMessage_Sdk_DemoUITests.xctest */,
				F21388B31D88E6FA0034B35F /* NotificatonService.appex */,
				F22674171E1CCD0500EB7CA1 /* NotificationContent.appex */,
			);
			name = Products;
			sourceTree = "<group>";
		};
		F21388611D88E4520034B35F /* UMessage_Sdk_Demo */ = {
			isa = PBXGroup;
			children = (
				177B3BE31E9B54890019F5BD /* UMessage_Sdk_1.5.0a */,
				F21388AA1D88E5BE0034B35F /* UMessage_Sdk_Demo.entitlements */,
				F21388961D88E4A50034B35F /* UMessage_Demo-Info.plist */,
				F21388981D88E4A50034B35F /* UMessageAppDelegate.h */,
				F21388991D88E4A50034B35F /* UMessageAppDelegate.m */,
				F213889A1D88E4A50034B35F /* UMessageSettingViewController.h */,
				F213889B1D88E4A50034B35F /* UMessageSettingViewController.m */,
				F213889C1D88E4A50034B35F /* UMessageTagAndAliasViewController.h */,
				F213889D1D88E4A50034B35F /* UMessageTagAndAliasViewController.m */,
				F213889E1D88E4A50034B35F /* UMessageViewController.h */,
				F213889F1D88E4A50034B35F /* UMessageViewController.m */,
				F21E1A241F77FD3B00BF0409 /* testVoice */,
				F213886E1D88E4520034B35F /* Assets.xcassets */,
				F21388951D88E4A50034B35F /* Main_iPhone.storyboard */,
				F21388701D88E4520034B35F /* LaunchScreen.storyboard */,
				F21388731D88E4520034B35F /* Info.plist */,
				F21388621D88E4520034B35F /* Supporting Files */,
			);
			path = UMessage_Sdk_Demo;
			sourceTree = "<group>";
		};
		F21388621D88E4520034B35F /* Supporting Files */ = {
			isa = PBXGroup;
			children = (
				F21388631D88E4520034B35F /* main.m */,
			);
			name = "Supporting Files";
			sourceTree = "<group>";
		};
		F213887B1D88E4520034B35F /* UMessage_Sdk_DemoTests */ = {
			isa = PBXGroup;
			children = (
				F213887C1D88E4520034B35F /* UMessage_Sdk_DemoTests.m */,
				F213887E1D88E4520034B35F /* Info.plist */,
			);
			path = UMessage_Sdk_DemoTests;
			sourceTree = "<group>";
		};
		F21388861D88E4520034B35F /* UMessage_Sdk_DemoUITests */ = {
			isa = PBXGroup;
			children = (
				F21388871D88E4520034B35F /* UMessage_Sdk_DemoUITests.m */,
				F21388891D88E4520034B35F /* Info.plist */,
			);
			path = UMessage_Sdk_DemoUITests;
			sourceTree = "<group>";
		};
		F21388B41D88E6FA0034B35F /* NotificatonService */ = {
			isa = PBXGroup;
			children = (
				F20EF0151F76AD06005A9B7A /* NotificatonService.entitlements */,
				F21E1A211F77F9E500BF0409 /* 国付宝到账提醒.mp3 */,
				F20EF0191F76BA8F005A9B7A /* 五环之歌.mp3 */,
				F20EF0181F76BA8F005A9B7A /* 醉赤壁.mp3 */,
				F20EF0161F76BA7F005A9B7A /* 6414.mp3 */,
				F21388B51D88E6FA0034B35F /* NotificationService.h */,
				F21388B61D88E6FA0034B35F /* NotificationService.m */,
				F21388B81D88E6FA0034B35F /* Info.plist */,
			);
			path = NotificatonService;
			sourceTree = "<group>";
		};
		F21E1A241F77FD3B00BF0409 /* testVoice */ = {
			isa = PBXGroup;
			children = (
				F21E1A251F77FD3B00BF0409 /* 〇.mp3 */,
				F21E1A351F77FD3B00BF0409 /* 零.mp3 */,
				F21E1A261F77FD3B00BF0409 /* 一.mp3 */,
				F21E1A2B1F77FD3B00BF0409 /* 二.mp3 */,
				F21E1A291F77FD3B00BF0409 /* 三.mp3 */,
				F21E1A321F77FD3B00BF0409 /* 四.mp3 */,
				F21E1A2C1F77FD3B00BF0409 /* 五.mp3 */,
				F21E1A2F1F77FD3B00BF0409 /* 六.mp3 */,
				F21E1A271F77FD3B00BF0409 /* 七.mp3 */,
				F21E1A2E1F77FD3B00BF0409 /* 八.mp3 */,
				F21E1A2A1F77FD3B00BF0409 /* 九.mp3 */,
				F21E1A301F77FD3B00BF0409 /* 十.mp3 */,
				F21E1A341F77FD3B00BF0409 /* 百.mp3 */,
				F21E1A311F77FD3B00BF0409 /* 千.mp3 */,
				F21E1A281F77FD3B00BF0409 /* 万.mp3 */,
				F21E1A331F77FD3B00BF0409 /* 点.mp3 */,
				F21E1A2D1F77FD3B00BF0409 /* 元.mp3 */,
			);
			path = testVoice;
			sourceTree = "<group>";
		};
		F22674181E1CCD0500EB7CA1 /* Frameworks */ = {
			isa = PBXGroup;
			children = (
				F22674191E1CCD0500EB7CA1 /* UserNotifications.framework */,
				F226741B1E1CCD0500EB7CA1 /* UserNotificationsUI.framework */,
			);
			name = Frameworks;
			sourceTree = "<group>";
		};
		F226741D1E1CCD0500EB7CA1 /* NotificationContent */ = {
			isa = PBXGroup;
			children = (
				F226741E1E1CCD0500EB7CA1 /* NotificationViewController.h */,
				F226741F1E1CCD0500EB7CA1 /* NotificationViewController.m */,
				F22674211E1CCD0500EB7CA1 /* MainInterface.storyboard */,
				F22674241E1CCD0500EB7CA1 /* Info.plist */,
			);
			path = NotificationContent;
			sourceTree = "<group>";
		};
/* End PBXGroup section */

/* Begin PBXNativeTarget section */
		F213885E1D88E4520034B35F /* UMessage_Sdk_Demo */ = {
			isa = PBXNativeTarget;
			buildConfigurationList = F213888C1D88E4520034B35F /* Build configuration list for PBXNativeTarget "UMessage_Sdk_Demo" */;
			buildPhases = (
				F213885B1D88E4520034B35F /* Sources */,
				F213885C1D88E4520034B35F /* Frameworks */,
				F213885D1D88E4520034B35F /* Resources */,
				F21388BF1D88E6FA0034B35F /* Embed App Extensions */,
			);
			buildRules = (
			);
			dependencies = (
				F21388BA1D88E6FA0034B35F /* PBXTargetDependency */,
				F22674261E1CCD0500EB7CA1 /* PBXTargetDependency */,
			);
			name = UMessage_Sdk_Demo;
			productName = UMessage_Sdk_Demo;
			productReference = F213885F1D88E4520034B35F /* UMessage_Sdk_Demo.app */;
			productType = "com.apple.product-type.application";
		};
		F21388771D88E4520034B35F /* UMessage_Sdk_DemoTests */ = {
			isa = PBXNativeTarget;
			buildConfigurationList = F213888F1D88E4520034B35F /* Build configuration list for PBXNativeTarget "UMessage_Sdk_DemoTests" */;
			buildPhases = (
				F21388741D88E4520034B35F /* Sources */,
				F21388751D88E4520034B35F /* Frameworks */,
				F21388761D88E4520034B35F /* Resources */,
			);
			buildRules = (
			);
			dependencies = (
				F213887A1D88E4520034B35F /* PBXTargetDependency */,
			);
			name = UMessage_Sdk_DemoTests;
			productName = UMessage_Sdk_DemoTests;
			productReference = F21388781D88E4520034B35F /* UMessage_Sdk_DemoTests.xctest */;
			productType = "com.apple.product-type.bundle.unit-test";
		};
		F21388821D88E4520034B35F /* UMessage_Sdk_DemoUITests */ = {
			isa = PBXNativeTarget;
			buildConfigurationList = F21388921D88E4520034B35F /* Build configuration list for PBXNativeTarget "UMessage_Sdk_DemoUITests" */;
			buildPhases = (
				F213887F1D88E4520034B35F /* Sources */,
				F21388801D88E4520034B35F /* Frameworks */,
				F21388811D88E4520034B35F /* Resources */,
			);
			buildRules = (
			);
			dependencies = (
				F21388851D88E4520034B35F /* PBXTargetDependency */,
			);
			name = UMessage_Sdk_DemoUITests;
			productName = UMessage_Sdk_DemoUITests;
			productReference = F21388831D88E4520034B35F /* UMessage_Sdk_DemoUITests.xctest */;
			productType = "com.apple.product-type.bundle.ui-testing";
		};
		F21388B21D88E6FA0034B35F /* NotificatonService */ = {
			isa = PBXNativeTarget;
			buildConfigurationList = F21388BC1D88E6FA0034B35F /* Build configuration list for PBXNativeTarget "NotificatonService" */;
			buildPhases = (
				F21388AF1D88E6FA0034B35F /* Sources */,
				F21388B01D88E6FA0034B35F /* Frameworks */,
				F21388B11D88E6FA0034B35F /* Resources */,
			);
			buildRules = (
			);
			dependencies = (
			);
			name = NotificatonService;
			productName = NotificatonService;
			productReference = F21388B31D88E6FA0034B35F /* NotificatonService.appex */;
			productType = "com.apple.product-type.app-extension";
		};
		F22674161E1CCD0500EB7CA1 /* NotificationContent */ = {
			isa = PBXNativeTarget;
			buildConfigurationList = F226742A1E1CCD0500EB7CA1 /* Build configuration list for PBXNativeTarget "NotificationContent" */;
			buildPhases = (
				F22674131E1CCD0500EB7CA1 /* Sources */,
				F22674141E1CCD0500EB7CA1 /* Frameworks */,
				F22674151E1CCD0500EB7CA1 /* Resources */,
			);
			buildRules = (
			);
			dependencies = (
			);
			name = NotificationContent;
			productName = NotificationContent;
			productReference = F22674171E1CCD0500EB7CA1 /* NotificationContent.appex */;
			productType = "com.apple.product-type.app-extension";
		};
/* End PBXNativeTarget section */

/* Begin PBXProject section */
		F21388571D88E4520034B35F /* Project object */ = {
			isa = PBXProject;
			attributes = {
				LastUpgradeCheck = 0800;
				ORGANIZATIONNAME = "石乐";
				TargetAttributes = {
					F213885E1D88E4520034B35F = {
						CreatedOnToolsVersion = 8.0;
						DevelopmentTeam = Z3LR52YC4H;
						ProvisioningStyle = Automatic;
						SystemCapabilities = {
							com.apple.BackgroundModes = {
								enabled = 1;
							};
							com.apple.Push = {
								enabled = 1;
							};
						};
					};
					F21388771D88E4520034B35F = {
						CreatedOnToolsVersion = 8.0;
						DevelopmentTeam = Q2SM686QBM;
						ProvisioningStyle = Automatic;
						TestTargetID = F213885E1D88E4520034B35F;
					};
					F21388821D88E4520034B35F = {
						CreatedOnToolsVersion = 8.0;
						DevelopmentTeam = Q2SM686QBM;
						ProvisioningStyle = Automatic;
						TestTargetID = F213885E1D88E4520034B35F;
					};
					F21388B21D88E6FA0034B35F = {
						CreatedOnToolsVersion = 8.0;
						DevelopmentTeam = Z3LR52YC4H;
						ProvisioningStyle = Automatic;
						SystemCapabilities = {
							com.apple.Push = {
								enabled = 1;
							};
						};
					};
					F22674161E1CCD0500EB7CA1 = {
						CreatedOnToolsVersion = 8.0;
						DevelopmentTeam = Z3LR52YC4H;
						ProvisioningStyle = Automatic;
					};
				};
			};
			buildConfigurationList = F213885A1D88E4520034B35F /* Build configuration list for PBXProject "UMessage_Sdk_Demo" */;
			compatibilityVersion = "Xcode 3.2";
			developmentRegion = English;
			hasScannedForEncodings = 0;
			knownRegions = (
				en,
				Base,
			);
			mainGroup = F21388561D88E4520034B35F;
			productRefGroup = F21388601D88E4520034B35F /* Products */;
			projectDirPath = "";
			projectRoot = "";
			targets = (
				F213885E1D88E4520034B35F /* UMessage_Sdk_Demo */,
				F21388771D88E4520034B35F /* UMessage_Sdk_DemoTests */,
				F21388821D88E4520034B35F /* UMessage_Sdk_DemoUITests */,
				F21388B21D88E6FA0034B35F /* NotificatonService */,
				F22674161E1CCD0500EB7CA1 /* NotificationContent */,
			);
		};
/* End PBXProject section */

/* Begin PBXResourcesBuildPhase section */
		F213885D1D88E4520034B35F /* Resources */ = {
			isa = PBXResourcesBuildPhase;
			buildActionMask = 2147483647;
			files = (
				F21E1A4A1F77FD3B00BF0409 /* 六.mp3 in Resources */,
				F21E1A401F77FD3B00BF0409 /* 九.mp3 in Resources */,
				F21E1A441F77FD3B00BF0409 /* 五.mp3 in Resources */,
				F21E1A3E1F77FD3B00BF0409 /* 三.mp3 in Resources */,
				F21E1A521F77FD3B00BF0409 /* 点.mp3 in Resources */,
				F21E1A3C1F77FD3B00BF0409 /* 万.mp3 in Resources */,
				F21E1A4C1F77FD3B00BF0409 /* 十.mp3 in Resources */,
				F21E1A421F77FD3B00BF0409 /* 二.mp3 in Resources */,
				F21E1A361F77FD3B00BF0409 /* 〇.mp3 in Resources */,
				F21388721D88E4520034B35F /* LaunchScreen.storyboard in Resources */,
				F21388A11D88E4A50034B35F /* UMessage_Demo-Info.plist in Resources */,
				F21E1A561F77FD3B00BF0409 /* 零.mp3 in Resources */,
				F21E1A221F77F9E500BF0409 /* 国付宝到账提醒.mp3 in Resources */,
				F21E1A481F77FD3B00BF0409 /* 八.mp3 in Resources */,
				F21E1A4E1F77FD3B00BF0409 /* 千.mp3 in Resources */,
				F213886F1D88E4520034B35F /* Assets.xcassets in Resources */,
				F21E1A461F77FD3B00BF0409 /* 元.mp3 in Resources */,
				F21E1A381F77FD3B00BF0409 /* 一.mp3 in Resources */,
				F21E1A3A1F77FD3B00BF0409 /* 七.mp3 in Resources */,
				F21E1A541F77FD3B00BF0409 /* 百.mp3 in Resources */,
				F21388A01D88E4A50034B35F /* Main_iPhone.storyboard in Resources */,
				F21E1A501F77FD3B00BF0409 /* 四.mp3 in Resources */,
			);
			runOnlyForDeploymentPostprocessing = 0;
		};
		F21388761D88E4520034B35F /* Resources */ = {
			isa = PBXResourcesBuildPhase;
			buildActionMask = 2147483647;
			files = (
			);
			runOnlyForDeploymentPostprocessing = 0;
		};
		F21388811D88E4520034B35F /* Resources */ = {
			isa = PBXResourcesBuildPhase;
			buildActionMask = 2147483647;
			files = (
			);
			runOnlyForDeploymentPostprocessing = 0;
		};
		F21388B11D88E6FA0034B35F /* Resources */ = {
			isa = PBXResourcesBuildPhase;
			buildActionMask = 2147483647;
			files = (
				F21E1A511F77FD3B00BF0409 /* 四.mp3 in Resources */,
				F21E1A551F77FD3B00BF0409 /* 百.mp3 in Resources */,
				F21E1A4B1F77FD3B00BF0409 /* 六.mp3 in Resources */,
				F21E1A491F77FD3B00BF0409 /* 八.mp3 in Resources */,
				F21E1A4F1F77FD3B00BF0409 /* 千.mp3 in Resources */,
				F21E1A3F1F77FD3B00BF0409 /* 三.mp3 in Resources */,
				F21E1A391F77FD3B00BF0409 /* 一.mp3 in Resources */,
				F21E1A411F77FD3B00BF0409 /* 九.mp3 in Resources */,
				F21E1A4D1F77FD3B00BF0409 /* 十.mp3 in Resources */,
				F21E1A371F77FD3B00BF0409 /* 〇.mp3 in Resources */,
				F21E1A471F77FD3B00BF0409 /* 元.mp3 in Resources */,
				F21E1A3B1F77FD3B00BF0409 /* 七.mp3 in Resources */,
				F21E1A231F77F9E500BF0409 /* 国付宝到账提醒.mp3 in Resources */,
				F21E1A531F77FD3B00BF0409 /* 点.mp3 in Resources */,
				F21E1A451F77FD3B00BF0409 /* 五.mp3 in Resources */,
				F21E1A571F77FD3B00BF0409 /* 零.mp3 in Resources */,
				F21E1A3D1F77FD3B00BF0409 /* 万.mp3 in Resources */,
				F21E1A431F77FD3B00BF0409 /* 二.mp3 in Resources */,
			);
			runOnlyForDeploymentPostprocessing = 0;
		};
		F22674151E1CCD0500EB7CA1 /* Resources */ = {
			isa = PBXResourcesBuildPhase;
			buildActionMask = 2147483647;
			files = (
				F22674231E1CCD0500EB7CA1 /* MainInterface.storyboard in Resources */,
			);
			runOnlyForDeploymentPostprocessing = 0;
		};
/* End PBXResourcesBuildPhase section */

/* Begin PBXSourcesBuildPhase section */
		F213885B1D88E4520034B35F /* Sources */ = {
			isa = PBXSourcesBuildPhase;
			buildActionMask = 2147483647;
			files = (
				F21388A41D88E4A50034B35F /* UMessageTagAndAliasViewController.m in Sources */,
				F21388A21D88E4A50034B35F /* UMessageAppDelegate.m in Sources */,
				F21388A31D88E4A50034B35F /* UMessageSettingViewController.m in Sources */,
				F21388641D88E4520034B35F /* main.m in Sources */,
				F21388A51D88E4A50034B35F /* UMessageViewController.m in Sources */,
			);
			runOnlyForDeploymentPostprocessing = 0;
		};
		F21388741D88E4520034B35F /* Sources */ = {
			isa = PBXSourcesBuildPhase;
			buildActionMask = 2147483647;
			files = (
				F213887D1D88E4520034B35F /* UMessage_Sdk_DemoTests.m in Sources */,
			);
			runOnlyForDeploymentPostprocessing = 0;
		};
		F213887F1D88E4520034B35F /* Sources */ = {
			isa = PBXSourcesBuildPhase;
			buildActionMask = 2147483647;
			files = (
				F21388881D88E4520034B35F /* UMessage_Sdk_DemoUITests.m in Sources */,
			);
			runOnlyForDeploymentPostprocessing = 0;
		};
		F21388AF1D88E6FA0034B35F /* Sources */ = {
			isa = PBXSourcesBuildPhase;
			buildActionMask = 2147483647;
			files = (
				F21388B71D88E6FA0034B35F /* NotificationService.m in Sources */,
			);
			runOnlyForDeploymentPostprocessing = 0;
		};
		F22674131E1CCD0500EB7CA1 /* Sources */ = {
			isa = PBXSourcesBuildPhase;
			buildActionMask = 2147483647;
			files = (
				F22674201E1CCD0500EB7CA1 /* NotificationViewController.m in Sources */,
			);
			runOnlyForDeploymentPostprocessing = 0;
		};
/* End PBXSourcesBuildPhase section */

/* Begin PBXTargetDependency section */
		F213887A1D88E4520034B35F /* PBXTargetDependency */ = {
			isa = PBXTargetDependency;
			target = F213885E1D88E4520034B35F /* UMessage_Sdk_Demo */;
			targetProxy = F21388791D88E4520034B35F /* PBXContainerItemProxy */;
		};
		F21388851D88E4520034B35F /* PBXTargetDependency */ = {
			isa = PBXTargetDependency;
			target = F213885E1D88E4520034B35F /* UMessage_Sdk_Demo */;
			targetProxy = F21388841D88E4520034B35F /* PBXContainerItemProxy */;
		};
		F21388BA1D88E6FA0034B35F /* PBXTargetDependency */ = {
			isa = PBXTargetDependency;
			target = F21388B21D88E6FA0034B35F /* NotificatonService */;
			targetProxy = F21388B91D88E6FA0034B35F /* PBXContainerItemProxy */;
		};
		F22674261E1CCD0500EB7CA1 /* PBXTargetDependency */ = {
			isa = PBXTargetDependency;
			target = F22674161E1CCD0500EB7CA1 /* NotificationContent */;
			targetProxy = F22674251E1CCD0500EB7CA1 /* PBXContainerItemProxy */;
		};
/* End PBXTargetDependency section */

/* Begin PBXVariantGroup section */
		F21388701D88E4520034B35F /* LaunchScreen.storyboard */ = {
			isa = PBXVariantGroup;
			children = (
				F21388711D88E4520034B35F /* Base */,
			);
			name = LaunchScreen.storyboard;
			sourceTree = "<group>";
		};
		F22674211E1CCD0500EB7CA1 /* MainInterface.storyboard */ = {
			isa = PBXVariantGroup;
			children = (
				F22674221E1CCD0500EB7CA1 /* Base */,
			);
			name = MainInterface.storyboard;
			sourceTree = "<group>";
		};
/* End PBXVariantGroup section */

/* Begin XCBuildConfiguration section */
		F213888A1D88E4520034B35F /* Debug */ = {
			isa = XCBuildConfiguration;
			buildSettings = {
				ALWAYS_SEARCH_USER_PATHS = NO;
				CLANG_ANALYZER_NONNULL = YES;
				CLANG_CXX_LANGUAGE_STANDARD = "gnu++0x";
				CLANG_CXX_LIBRARY = "libc++";
				CLANG_ENABLE_MODULES = YES;
				CLANG_ENABLE_OBJC_ARC = YES;
				CLANG_WARN_BOOL_CONVERSION = YES;
				CLANG_WARN_CONSTANT_CONVERSION = YES;
				CLANG_WARN_DIRECT_OBJC_ISA_USAGE = YES_ERROR;
				CLANG_WARN_DOCUMENTATION_COMMENTS = YES;
				CLANG_WARN_EMPTY_BODY = YES;
				CLANG_WARN_ENUM_CONVERSION = YES;
				CLANG_WARN_INFINITE_RECURSION = YES;
				CLANG_WARN_INT_CONVERSION = YES;
				CLANG_WARN_OBJC_ROOT_CLASS = YES_ERROR;
				CLANG_WARN_SUSPICIOUS_MOVES = YES;
				CLANG_WARN_UNREACHABLE_CODE = YES;
				CLANG_WARN__DUPLICATE_METHOD_MATCH = YES;
				"CODE_SIGN_IDENTITY[sdk=iphoneos*]" = "iPhone Developer";
				COPY_PHASE_STRIP = NO;
				DEBUG_INFORMATION_FORMAT = dwarf;
				ENABLE_STRICT_OBJC_MSGSEND = YES;
				ENABLE_TESTABILITY = YES;
				GCC_C_LANGUAGE_STANDARD = gnu99;
				GCC_DYNAMIC_NO_PIC = NO;
				GCC_NO_COMMON_BLOCKS = YES;
				GCC_OPTIMIZATION_LEVEL = 0;
				GCC_PREPROCESSOR_DEFINITIONS = (
					"DEBUG=1",
					"$(inherited)",
				);
				GCC_WARN_64_TO_32_BIT_CONVERSION = YES;
				GCC_WARN_ABOUT_RETURN_TYPE = YES_ERROR;
				GCC_WARN_UNDECLARED_SELECTOR = YES;
				GCC_WARN_UNINITIALIZED_AUTOS = YES_AGGRESSIVE;
				GCC_WARN_UNUSED_FUNCTION = YES;
				GCC_WARN_UNUSED_VARIABLE = YES;
				IPHONEOS_DEPLOYMENT_TARGET = 10.0;
				MTL_ENABLE_DEBUG_INFO = YES;
				ONLY_ACTIVE_ARCH = YES;
				SDKROOT = iphoneos;
				TARGETED_DEVICE_FAMILY = "1,2";
			};
			name = Debug;
		};
		F213888B1D88E4520034B35F /* Release */ = {
			isa = XCBuildConfiguration;
			buildSettings = {
				ALWAYS_SEARCH_USER_PATHS = NO;
				CLANG_ANALYZER_NONNULL = YES;
				CLANG_CXX_LANGUAGE_STANDARD = "gnu++0x";
				CLANG_CXX_LIBRARY = "libc++";
				CLANG_ENABLE_MODULES = YES;
				CLANG_ENABLE_OBJC_ARC = YES;
				CLANG_WARN_BOOL_CONVERSION = YES;
				CLANG_WARN_CONSTANT_CONVERSION = YES;
				CLANG_WARN_DIRECT_OBJC_ISA_USAGE = YES_ERROR;
				CLANG_WARN_DOCUMENTATION_COMMENTS = YES;
				CLANG_WARN_EMPTY_BODY = YES;
				CLANG_WARN_ENUM_CONVERSION = YES;
				CLANG_WARN_INFINITE_RECURSION = YES;
				CLANG_WARN_INT_CONVERSION = YES;
				CLANG_WARN_OBJC_ROOT_CLASS = YES_ERROR;
				CLANG_WARN_SUSPICIOUS_MOVES = YES;
				CLANG_WARN_UNREACHABLE_CODE = YES;
				CLANG_WARN__DUPLICATE_METHOD_MATCH = YES;
				"CODE_SIGN_IDENTITY[sdk=iphoneos*]" = "iPhone Developer";
				COPY_PHASE_STRIP = NO;
				DEBUG_INFORMATION_FORMAT = "dwarf-with-dsym";
				ENABLE_NS_ASSERTIONS = NO;
				ENABLE_STRICT_OBJC_MSGSEND = YES;
				GCC_C_LANGUAGE_STANDARD = gnu99;
				GCC_NO_COMMON_BLOCKS = YES;
				GCC_WARN_64_TO_32_BIT_CONVERSION = YES;
				GCC_WARN_ABOUT_RETURN_TYPE = YES_ERROR;
				GCC_WARN_UNDECLARED_SELECTOR = YES;
				GCC_WARN_UNINITIALIZED_AUTOS = YES_AGGRESSIVE;
				GCC_WARN_UNUSED_FUNCTION = YES;
				GCC_WARN_UNUSED_VARIABLE = YES;
				IPHONEOS_DEPLOYMENT_TARGET = 10.0;
				MTL_ENABLE_DEBUG_INFO = NO;
				SDKROOT = iphoneos;
				TARGETED_DEVICE_FAMILY = "1,2";
				VALIDATE_PRODUCT = YES;
			};
			name = Release;
		};
		F213888D1D88E4520034B35F /* Debug */ = {
			isa = XCBuildConfiguration;
			buildSettings = {
				ASSETCATALOG_COMPILER_APPICON_NAME = AppIcon;
				CODE_SIGN_ENTITLEMENTS = UMessage_Sdk_Demo/UMessage_Sdk_Demo.entitlements;
				"CODE_SIGN_IDENTITY[sdk=iphoneos*]" = "iPhone Developer";
				DEVELOPMENT_TEAM = Z3LR52YC4H;
				INFOPLIST_FILE = UMessage_Sdk_Demo/Info.plist;
				IPHONEOS_DEPLOYMENT_TARGET = 7.0;
				LD_RUNPATH_SEARCH_PATHS = "$(inherited) @executable_path/Frameworks";
				LIBRARY_SEARCH_PATHS = (
					"$(inherited)",
					"$(PROJECT_DIR)/UMessage_Sdk_Demo/UMessage_Sdk_1.4.0",
					"$(PROJECT_DIR)/UMessage_Sdk_Demo/UMessage_Sdk_2.0.0",
					"$(PROJECT_DIR)/UMessage_Sdk_Demo/UMessage_Sdk_2.0.0_beta",
					"$(PROJECT_DIR)/UMessage_Sdk_Demo/UMessage_Sdk_1.5.0a",
				);
				OTHER_LDFLAGS = "-ObjC";
				PRODUCT_BUNDLE_IDENTIFIER = cn.com.gopay.gopwallet.enterprise;
				PRODUCT_NAME = "$(TARGET_NAME)";
			};
			name = Debug;
		};
		F213888E1D88E4520034B35F /* Release */ = {
			isa = XCBuildConfiguration;
			buildSettings = {
				ASSETCATALOG_COMPILER_APPICON_NAME = AppIcon;
				CODE_SIGN_ENTITLEMENTS = UMessage_Sdk_Demo/UMessage_Sdk_Demo.entitlements;
				"CODE_SIGN_IDENTITY[sdk=iphoneos*]" = "iPhone Developer";
				DEVELOPMENT_TEAM = Z3LR52YC4H;
				INFOPLIST_FILE = UMessage_Sdk_Demo/Info.plist;
				IPHONEOS_DEPLOYMENT_TARGET = 7.0;
				LD_RUNPATH_SEARCH_PATHS = "$(inherited) @executable_path/Frameworks";
				LIBRARY_SEARCH_PATHS = (
					"$(inherited)",
					"$(PROJECT_DIR)/UMessage_Sdk_Demo/UMessage_Sdk_1.4.0",
					"$(PROJECT_DIR)/UMessage_Sdk_Demo/UMessage_Sdk_2.0.0",
					"$(PROJECT_DIR)/UMessage_Sdk_Demo/UMessage_Sdk_2.0.0_beta",
					"$(PROJECT_DIR)/UMessage_Sdk_Demo/UMessage_Sdk_1.5.0a",
				);
				OTHER_LDFLAGS = "-ObjC";
				PRODUCT_BUNDLE_IDENTIFIER = cn.com.gopay.gopwallet.enterprise;
				PRODUCT_NAME = "$(TARGET_NAME)";
			};
			name = Release;
		};
		F21388901D88E4520034B35F /* Debug */ = {
			isa = XCBuildConfiguration;
			buildSettings = {
				BUNDLE_LOADER = "$(TEST_HOST)";
				DEVELOPMENT_TEAM = Q2SM686QBM;
				INFOPLIST_FILE = UMessage_Sdk_DemoTests/Info.plist;
				LD_RUNPATH_SEARCH_PATHS = "$(inherited) @executable_path/Frameworks @loader_path/Frameworks";
				PRODUCT_BUNDLE_IDENTIFIER = "com.umeng.UMessage-Sdk-DemoTests";
				PRODUCT_NAME = "$(TARGET_NAME)";
				TEST_HOST = "$(BUILT_PRODUCTS_DIR)/UMessage_Sdk_Demo.app/UMessage_Sdk_Demo";
			};
			name = Debug;
		};
		F21388911D88E4520034B35F /* Release */ = {
			isa = XCBuildConfiguration;
			buildSettings = {
				BUNDLE_LOADER = "$(TEST_HOST)";
				DEVELOPMENT_TEAM = Q2SM686QBM;
				INFOPLIST_FILE = UMessage_Sdk_DemoTests/Info.plist;
				LD_RUNPATH_SEARCH_PATHS = "$(inherited) @executable_path/Frameworks @loader_path/Frameworks";
				PRODUCT_BUNDLE_IDENTIFIER = "com.umeng.UMessage-Sdk-DemoTests";
				PRODUCT_NAME = "$(TARGET_NAME)";
				TEST_HOST = "$(BUILT_PRODUCTS_DIR)/UMessage_Sdk_Demo.app/UMessage_Sdk_Demo";
			};
			name = Release;
		};
		F21388931D88E4520034B35F /* Debug */ = {
			isa = XCBuildConfiguration;
			buildSettings = {
				DEVELOPMENT_TEAM = Q2SM686QBM;
				INFOPLIST_FILE = UMessage_Sdk_DemoUITests/Info.plist;
				LD_RUNPATH_SEARCH_PATHS = "$(inherited) @executable_path/Frameworks @loader_path/Frameworks";
				PRODUCT_BUNDLE_IDENTIFIER = "com.umeng.UMessage-Sdk-DemoUITests";
				PRODUCT_NAME = "$(TARGET_NAME)";
				TEST_TARGET_NAME = UMessage_Sdk_Demo;
			};
			name = Debug;
		};
		F21388941D88E4520034B35F /* Release */ = {
			isa = XCBuildConfiguration;
			buildSettings = {
				DEVELOPMENT_TEAM = Q2SM686QBM;
				INFOPLIST_FILE = UMessage_Sdk_DemoUITests/Info.plist;
				LD_RUNPATH_SEARCH_PATHS = "$(inherited) @executable_path/Frameworks @loader_path/Frameworks";
				PRODUCT_BUNDLE_IDENTIFIER = "com.umeng.UMessage-Sdk-DemoUITests";
				PRODUCT_NAME = "$(TARGET_NAME)";
				TEST_TARGET_NAME = UMessage_Sdk_Demo;
			};
			name = Release;
		};
		F21388BD1D88E6FA0034B35F /* Debug */ = {
			isa = XCBuildConfiguration;
			buildSettings = {
				CODE_SIGN_ENTITLEMENTS = NotificatonService/NotificatonService.entitlements;
				DEVELOPMENT_TEAM = Z3LR52YC4H;
				INFOPLIST_FILE = NotificatonService/Info.plist;
				LD_RUNPATH_SEARCH_PATHS = "$(inherited) @executable_path/Frameworks @executable_path/../../Frameworks";
				PRODUCT_BUNDLE_IDENTIFIER = cn.com.gopay.gopwallet.enterprise.NotificatonService;
				PRODUCT_NAME = "$(TARGET_NAME)";
				SKIP_INSTALL = YES;
			};
			name = Debug;
		};
		F21388BE1D88E6FA0034B35F /* Release */ = {
			isa = XCBuildConfiguration;
			buildSettings = {
				CODE_SIGN_ENTITLEMENTS = NotificatonService/NotificatonService.entitlements;
				DEVELOPMENT_TEAM = Z3LR52YC4H;
				INFOPLIST_FILE = NotificatonService/Info.plist;
				LD_RUNPATH_SEARCH_PATHS = "$(inherited) @executable_path/Frameworks @executable_path/../../Frameworks";
				PRODUCT_BUNDLE_IDENTIFIER = cn.com.gopay.gopwallet.enterprise.NotificatonService;
				PRODUCT_NAME = "$(TARGET_NAME)";
				SKIP_INSTALL = YES;
			};
			name = Release;
		};
		F22674281E1CCD0500EB7CA1 /* Debug */ = {
			isa = XCBuildConfiguration;
			buildSettings = {
				"CODE_SIGN_IDENTITY[sdk=iphoneos*]" = "iPhone Developer";
				CODE_SIGN_STYLE = Automatic;
				DEVELOPMENT_TEAM = Z3LR52YC4H;
				INFOPLIST_FILE = NotificationContent/Info.plist;
				LD_RUNPATH_SEARCH_PATHS = "$(inherited) @executable_path/Frameworks @executable_path/../../Frameworks";
				PRODUCT_BUNDLE_IDENTIFIER = cn.com.gopay.gopwallet.enterprise.NotificationContent;
				PRODUCT_NAME = "$(TARGET_NAME)";
				PROVISIONING_PROFILE_SPECIFIER = "";
				SKIP_INSTALL = YES;
			};
			name = Debug;
		};
		F22674291E1CCD0500EB7CA1 /* Release */ = {
			isa = XCBuildConfiguration;
			buildSettings = {
				"CODE_SIGN_IDENTITY[sdk=iphoneos*]" = "iPhone Developer";
				CODE_SIGN_STYLE = Automatic;
				DEVELOPMENT_TEAM = Z3LR52YC4H;
				INFOPLIST_FILE = NotificationContent/Info.plist;
				LD_RUNPATH_SEARCH_PATHS = "$(inherited) @executable_path/Frameworks @executable_path/../../Frameworks";
				PRODUCT_BUNDLE_IDENTIFIER = cn.com.gopay.gopwallet.enterprise.NotificationContent;
				PRODUCT_NAME = "$(TARGET_NAME)";
				PROVISIONING_PROFILE_SPECIFIER = "";
				SKIP_INSTALL = YES;
			};
			name = Release;
		};
/* End XCBuildConfiguration section */

/* Begin XCConfigurationList section */
		F213885A1D88E4520034B35F /* Build configuration list for PBXProject "UMessage_Sdk_Demo" */ = {
			isa = XCConfigurationList;
			buildConfigurations = (
				F213888A1D88E4520034B35F /* Debug */,
				F213888B1D88E4520034B35F /* Release */,
			);
			defaultConfigurationIsVisible = 0;
			defaultConfigurationName = Release;
		};
		F213888C1D88E4520034B35F /* Build configuration list for PBXNativeTarget "UMessage_Sdk_Demo" */ = {
			isa = XCConfigurationList;
			buildConfigurations = (
				F213888D1D88E4520034B35F /* Debug */,
				F213888E1D88E4520034B35F /* Release */,
			);
			defaultConfigurationIsVisible = 0;
			defaultConfigurationName = Release;
		};
		F213888F1D88E4520034B35F /* Build configuration list for PBXNativeTarget "UMessage_Sdk_DemoTests" */ = {
			isa = XCConfigurationList;
			buildConfigurations = (
				F21388901D88E4520034B35F /* Debug */,
				F21388911D88E4520034B35F /* Release */,
			);
			defaultConfigurationIsVisible = 0;
			defaultConfigurationName = Release;
		};
		F21388921D88E4520034B35F /* Build configuration list for PBXNativeTarget "UMessage_Sdk_DemoUITests" */ = {
			isa = XCConfigurationList;
			buildConfigurations = (
				F21388931D88E4520034B35F /* Debug */,
				F21388941D88E4520034B35F /* Release */,
			);
			defaultConfigurationIsVisible = 0;
			defaultConfigurationName = Release;
		};
		F21388BC1D88E6FA0034B35F /* Build configuration list for PBXNativeTarget "NotificatonService" */ = {
			isa = XCConfigurationList;
			buildConfigurations = (
				F21388BD1D88E6FA0034B35F /* Debug */,
				F21388BE1D88E6FA0034B35F /* Release */,
			);
			defaultConfigurationIsVisible = 0;
			defaultConfigurationName = Release;
		};
		F226742A1E1CCD0500EB7CA1 /* Build configuration list for PBXNativeTarget "NotificationContent" */ = {
			isa = XCConfigurationList;
			buildConfigurations = (
				F22674281E1CCD0500EB7CA1 /* Debug */,
				F22674291E1CCD0500EB7CA1 /* Release */,
			);
			defaultConfigurationIsVisible = 0;
			defaultConfigurationName = Release;
		};
/* End XCConfigurationList section */
	};
	rootObject = F21388571D88E4520034B35F /* Project object */;
}
